
Microsoft Visual Studio Solution File, Format Version 12.00
# Visual Studio Version 17
VisualStudioVersion = 17.7.34031.279
MinimumVisualStudioVersion = 10.0.40219.1
Project("{FAE04EC0-301F-11D3-BF4B-00C04F79EFBC}") = "QL thue bao", "QL thue bao\QL thue bao.csproj", "{126B4FCE-9421-4260-96BC-AA4B607CB603}"
EndProject
Global
	GlobalSection(SolutionConfigurationPlatforms) = preSolution
		Debug|Any CPU = Debug|Any CPU
		Release|Any CPU = Release|Any CPU
	EndGlobalSection
	GlobalSection(ProjectConfigurationPlatforms) = postSolution
		{126B4FCE-9421-4260-96BC-AA4B607CB603}.Debug|Any CPU.ActiveCfg = Debug|Any CPU
		{126B4FCE-9421-4260-96BC-AA4B607CB603}.Debug|Any CPU.Build.0 = Debug|Any CPU
		{126B4FCE-9421-4260-96BC-AA4B607CB603}.Release|Any CPU.ActiveCfg = Release|Any CPU
		{126B4FCE-9421-4260-96BC-AA4B607CB603}.Release|Any CPU.Build.0 = Release|Any CPU
	EndGlobalSection
	GlobalSection(SolutionProperties) = preSolution
		HideSolutionNode = FALSE
	EndGlobalSection
	GlobalSection(ExtensibilityGlobals) = postSolution
		SolutionGuid = {9771612F-934E-450C-824D-F83A78B638E0}
	EndGlobalSection
EndGlobal
